
Microsoft Visual Studio Solution File, Format Version 12.00
# Visual Studio 15
VisualStudioVersion = 15.0.27004.2002
MinimumVisualStudioVersion = 10.0.40219.1
Project("{9A19103F-16F7-4668-BE54-9A1E7A4F7556}") = "poloniex.sample", "src\poloniex.sample\poloniex.sample.csproj", "{F90E350F-7774-4987-B095-7C2731F0C2C7}"
EndProject
Project("{2150E333-8FDC-42A3-9474-1A3956D46DE8}") = "Solution Items", "Solution Items", "{EE36102D-AC13-4DED-802B-F265CB1DEE53}"
	ProjectSection(SolutionItems) = preProject
		LICENSE = LICENSE
		README.md = README.md
	EndProjectSection
EndProject
Project("{2150E333-8FDC-42A3-9474-1A3956D46DE8}") = "src", "src", "{EFFFF510-E675-4A31-B7AD-2EA3A7E60DAA}"
EndProject
Project("{2150E333-8FDC-42A3-9474-1A3956D46DE8}") = "logo-files", "logo-files", "{5A50B081-F4DF-42AD-9C52-3FDADE6D2919}"
	ProjectSection(SolutionItems) = preProject
		logo-files\poloniex.api.ico = logo-files\poloniex.api.ico
		logo-files\poloniex.api.png = logo-files\poloniex.api.png
	EndProjectSection
EndProject
Project("{9A19103F-16F7-4668-BE54-9A1E7A4F7556}") = "poloniex.api", "src\poloniex.api\poloniex.api.csproj", "{E2FF718F-9B0D-454C-B18A-18075268C6B7}"
EndProject
Global
	GlobalSection(SolutionConfigurationPlatforms) = preSolution
		Debug|Any CPU = Debug|Any CPU
		Release|Any CPU = Release|Any CPU
	EndGlobalSection
	GlobalSection(ProjectConfigurationPlatforms) = postSolution
		{F90E350F-7774-4987-B095-7C2731F0C2C7}.Debug|Any CPU.ActiveCfg = Debug|Any CPU
		{F90E350F-7774-4987-B095-7C2731F0C2C7}.Debug|Any CPU.Build.0 = Debug|Any CPU
		{F90E350F-7774-4987-B095-7C2731F0C2C7}.Release|Any CPU.ActiveCfg = Release|Any CPU
		{F90E350F-7774-4987-B095-7C2731F0C2C7}.Release|Any CPU.Build.0 = Release|Any CPU
		{E2FF718F-9B0D-454C-B18A-18075268C6B7}.Debug|Any CPU.ActiveCfg = Debug|Any CPU
		{E2FF718F-9B0D-454C-B18A-18075268C6B7}.Debug|Any CPU.Build.0 = Debug|Any CPU
		{E2FF718F-9B0D-454C-B18A-18075268C6B7}.Release|Any CPU.ActiveCfg = Release|Any CPU
		{E2FF718F-9B0D-454C-B18A-18075268C6B7}.Release|Any CPU.Build.0 = Release|Any CPU
	EndGlobalSection
	GlobalSection(SolutionProperties) = preSolution
		HideSolutionNode = FALSE
	EndGlobalSection
	GlobalSection(NestedProjects) = preSolution
		{F90E350F-7774-4987-B095-7C2731F0C2C7} = {EFFFF510-E675-4A31-B7AD-2EA3A7E60DAA}
		{E2FF718F-9B0D-454C-B18A-18075268C6B7} = {EFFFF510-E675-4A31-B7AD-2EA3A7E60DAA}
	EndGlobalSection
	GlobalSection(ExtensibilityGlobals) = postSolution
		SolutionGuid = {10D0D5D6-447B-4484-A230-BBDBAA48885C}
	EndGlobalSection
EndGlobal
